
Microsoft Visual Studio Solution File, Format Version 12.00
# Visual Studio Version 16
VisualStudioVersion = 16.0.30330.147
MinimumVisualStudioVersion = 10.0.40219.1
Project("{FAE04EC0-301F-11D3-BF4B-00C04F79EFBC}") = "Calculator", "Calculator\Calculator.csproj", "{2D3CF21C-01DC-4CF1-8124-ED2007F5889F}"
EndProject
Global
	GlobalSection(SolutionConfigurationPlatforms) = preSolution
		Debug|Any CPU = Debug|Any CPU
		Release|Any CPU = Release|Any CPU
	EndGlobalSection
	GlobalSection(ProjectConfigurationPlatforms) = postSolution
		{2D3CF21C-01DC-4CF1-8124-ED2007F5889F}.Debug|Any CPU.ActiveCfg = Debug|Any CPU
		{2D3CF21C-01DC-4CF1-8124-ED2007F5889F}.Debug|Any CPU.Build.0 = Debug|Any CPU
		{2D3CF21C-01DC-4CF1-8124-ED2007F5889F}.Release|Any CPU.ActiveCfg = Release|Any CPU
		{2D3CF21C-01DC-4CF1-8124-ED2007F5889F}.Release|Any CPU.Build.0 = Release|Any CPU
	EndGlobalSection
	GlobalSection(SolutionProperties) = preSolution
		HideSolutionNode = FALSE
	EndGlobalSection
	GlobalSection(ExtensibilityGlobals) = postSolution
		SolutionGuid = {6FA9AE00-2526-4154-B1EE-BA44593D4AE0}
	EndGlobalSection
EndGlobal
